
Microsoft Visual Studio Solution File, Format Version 12.00
# Visual Studio Version 16
VisualStudioVersion = 16.0.28922.388
MinimumVisualStudioVersion = 10.0.40219.1
Project("{888888A0-9F3D-457C-B088-3A5042F75D52}") = "Exporter", "Exporter\Exporter.pyproj", "{35AF1025-47D1-4A31-B001-1FFE15D654D3}"
EndProject
Project("{9A19103F-16F7-4668-BE54-9A1E7A4F7556}") = "Utilities", "Utilities\Utilities.csproj", "{215353F5-235D-485B-BBD3-F996DD235FD1}"
EndProject
Global
	GlobalSection(SolutionConfigurationPlatforms) = preSolution
		Debug|Any CPU = Debug|Any CPU
		Release|Any CPU = Release|Any CPU
	EndGlobalSection
	GlobalSection(ProjectConfigurationPlatforms) = postSolution
		{35AF1025-47D1-4A31-B001-1FFE15D654D3}.Debug|Any CPU.ActiveCfg = Debug|Any CPU
		{35AF1025-47D1-4A31-B001-1FFE15D654D3}.Release|Any CPU.ActiveCfg = Release|Any CPU
		{215353F5-235D-485B-BBD3-F996DD235FD1}.Debug|Any CPU.ActiveCfg = Debug|Any CPU
		{215353F5-235D-485B-BBD3-F996DD235FD1}.Debug|Any CPU.Build.0 = Debug|Any CPU
		{215353F5-235D-485B-BBD3-F996DD235FD1}.Release|Any CPU.ActiveCfg = Release|Any CPU
		{215353F5-235D-485B-BBD3-F996DD235FD1}.Release|Any CPU.Build.0 = Release|Any CPU
	EndGlobalSection
	GlobalSection(SolutionProperties) = preSolution
		HideSolutionNode = FALSE
	EndGlobalSection
	GlobalSection(ExtensibilityGlobals) = postSolution
		SolutionGuid = {DCA3A12F-BB9A-4CB1-9441-AAB7F13BC4A0}
	EndGlobalSection
EndGlobal
